// !$*UTF8*$!
{
	archiveVersion = 1;
	classes = {
	};
	objectVersion = 46;
	objects = {

/* Begin PBXBuildFile section */
		6C0075351D0502FA00FD5DC7 /* font.jpg in Resources */ = {isa = PBXBuildFile; fileRef = 6C0075341D0502FA00FD5DC7 /* font.jpg */; };
		6C0075371D05046600FD5DC7 /* font_0.jpg in Resources */ = {isa = PBXBuildFile; fileRef = 6C0075361D05046600FD5DC7 /* font_0.jpg */; };
		6C0075391D0504DC00FD5DC7 /* font_2.jpg in Resources */ = {isa = PBXBuildFile; fileRef = 6C0075381D0504DC00FD5DC7 /* font_2.jpg */; };
		6C00753B1D05052B00FD5DC7 /* font_1.jpg in Resources */ = {isa = PBXBuildFile; fileRef = 6C00753A1D05052B00FD5DC7 /* font_1.jpg */; };
		6C00753D1D05057E00FD5DC7 /* font_3.jpg in Resources */ = {isa = PBXBuildFile; fileRef = 6C00753C1D05057E00FD5DC7 /* font_3.jpg */; };
		6C00753F1D0505BF00FD5DC7 /* font_4.jpg in Resources */ = {isa = PBXBuildFile; fileRef = 6C00753E1D0505BF00FD5DC7 /* font_4.jpg */; };
		6C0075411D05060500FD5DC7 /* font_5.jpg in Resources */ = {isa = PBXBuildFile; fileRef = 6C0075401D05060500FD5DC7 /* font_5.jpg */; };
		6C0075431D05068700FD5DC7 /* font_6.jpg in Resources */ = {isa = PBXBuildFile; fileRef = 6C0075421D05068700FD5DC7 /* font_6.jpg */; };
		6C0075451D05073900FD5DC7 /* font_7.jpg in Resources */ = {isa = PBXBuildFile; fileRef = 6C0075441D05073900FD5DC7 /* font_7.jpg */; };
		6C0075471D05084D00FD5DC7 /* font_8.jpg in Resources */ = {isa = PBXBuildFile; fileRef = 6C0075461D05084D00FD5DC7 /* font_8.jpg */; };
		6C0075491D0508CC00FD5DC7 /* font_9.jpg in Resources */ = {isa = PBXBuildFile; fileRef = 6C0075481D0508CC00FD5DC7 /* font_9.jpg */; };
		6C00754D1D05090E00FD5DC7 /* font_.jpg in Resources */ = {isa = PBXBuildFile; fileRef = 6C00754C1D05090E00FD5DC7 /* font_.jpg */; };
		6C00754F1D05099A00FD5DC7 /* font_Q.jpg in Resources */ = {isa = PBXBuildFile; fileRef = 6C00754E1D05099A00FD5DC7 /* font_Q.jpg */; };
		6C0075511D050C0100FD5DC7 /* font_W.jpg in Resources */ = {isa = PBXBuildFile; fileRef = 6C0075501D050C0100FD5DC7 /* font_W.jpg */; };
		6C0075531D050C8900FD5DC7 /* font_E.jpg in Resources */ = {isa = PBXBuildFile; fileRef = 6C0075521D050C8900FD5DC7 /* font_E.jpg */; };
		6C0075561D05110200FD5DC7 /* font_R.jpg in Resources */ = {isa = PBXBuildFile; fileRef = 6C0075541D05110200FD5DC7 /* font_R.jpg */; };
		6C0075571D05110200FD5DC7 /* font_T.jpg in Resources */ = {isa = PBXBuildFile; fileRef = 6C0075551D05110200FD5DC7 /* font_T.jpg */; };
		6C00755A1D05118200FD5DC7 /* font_U.jpg in Resources */ = {isa = PBXBuildFile; fileRef = 6C0075581D05118200FD5DC7 /* font_U.jpg */; };
		6C00755B1D05118200FD5DC7 /* font_Y.jpg in Resources */ = {isa = PBXBuildFile; fileRef = 6C0075591D05118200FD5DC7 /* font_Y.jpg */; };
		6C00755E1D05124200FD5DC7 /* font_I.jpg in Resources */ = {isa = PBXBuildFile; fileRef = 6C00755C1D05124200FD5DC7 /* font_I.jpg */; };
		6C00755F1D05124200FD5DC7 /* font_O.jpg in Resources */ = {isa = PBXBuildFile; fileRef = 6C00755D1D05124200FD5DC7 /* font_O.jpg */; };
		6C0075611D05145700FD5DC7 /* font_P.jpg in Resources */ = {isa = PBXBuildFile; fileRef = 6C0075601D05145700FD5DC7 /* font_P.jpg */; };
		6C0075651D05146300FD5DC7 /* font_A.jpg in Resources */ = {isa = PBXBuildFile; fileRef = 6C0075621D05146300FD5DC7 /* font_A.jpg */; };
		6C0075661D05146300FD5DC7 /* font_D.jpg in Resources */ = {isa = PBXBuildFile; fileRef = 6C0075631D05146300FD5DC7 /* font_D.jpg */; };
		6C0075671D05146300FD5DC7 /* font_S.jpg in Resources */ = {isa = PBXBuildFile; fileRef = 6C0075641D05146300FD5DC7 /* font_S.jpg */; };
		6C5405A71CFD7375005CCD66 /* Test.mm in Sources */ = {isa = PBXBuildFile; fileRef = 6C5405A61CFD7375005CCD66 /* Test.mm */; };
		6C5406C21CFEAE0C005CCD66 /* libjpeg.a in Frameworks */ = {isa = PBXBuildFile; fileRef = 6C5406C11CFEAE0C005CCD66 /* libjpeg.a */; };
		6C5406EA1CFEB50D005CCD66 /* vin.png in Resources */ = {isa = PBXBuildFile; fileRef = 6C5406E91CFEB50D005CCD66 /* vin.png */; };
		6C5406F81CFEB8EA005CCD66 /* pHash.cpp in Sources */ = {isa = PBXBuildFile; fileRef = 6C5406F61CFEB8EA005CCD66 /* pHash.cpp */; };
		6C5407031CFFD482005CCD66 /* GraphicsProcessor.m in Sources */ = {isa = PBXBuildFile; fileRef = 6C5407021CFFD482005CCD66 /* GraphicsProcessor.m */; };
		6CFCEA151CF54D9D00CC08A7 /* main.m in Sources */ = {isa = PBXBuildFile; fileRef = 6CFCEA141CF54D9D00CC08A7 /* main.m */; };
		6CFCEA181CF54D9D00CC08A7 /* AppDelegate.m in Sources */ = {isa = PBXBuildFile; fileRef = 6CFCEA171CF54D9D00CC08A7 /* AppDelegate.m */; };
		6CFCEA1B1CF54D9D00CC08A7 /* ViewController.m in Sources */ = {isa = PBXBuildFile; fileRef = 6CFCEA1A1CF54D9D00CC08A7 /* ViewController.m */; };
		6CFCEA1E1CF54D9D00CC08A7 /* Main.storyboard in Resources */ = {isa = PBXBuildFile; fileRef = 6CFCEA1C1CF54D9D00CC08A7 /* Main.storyboard */; };
		6CFCEA201CF54D9D00CC08A7 /* Assets.xcassets in Resources */ = {isa = PBXBuildFile; fileRef = 6CFCEA1F1CF54D9D00CC08A7 /* Assets.xcassets */; };
		6CFCEA231CF54D9D00CC08A7 /* LaunchScreen.storyboard in Resources */ = {isa = PBXBuildFile; fileRef = 6CFCEA211CF54D9D00CC08A7 /* LaunchScreen.storyboard */; };
/* End PBXBuildFile section */

/* Begin PBXFileReference section */
		6C0075341D0502FA00FD5DC7 /* font.jpg */ = {isa = PBXFileReference; lastKnownFileType = image.jpeg; path = font.jpg; sourceTree = "<group>"; };
		6C0075361D05046600FD5DC7 /* font_0.jpg */ = {isa = PBXFileReference; lastKnownFileType = image.jpeg; path = font_0.jpg; sourceTree = "<group>"; };
		6C0075381D0504DC00FD5DC7 /* font_2.jpg */ = {isa = PBXFileReference; lastKnownFileType = image.jpeg; path = font_2.jpg; sourceTree = "<group>"; };
		6C00753A1D05052B00FD5DC7 /* font_1.jpg */ = {isa = PBXFileReference; lastKnownFileType = image.jpeg; path = font_1.jpg; sourceTree = "<group>"; };
		6C00753C1D05057E00FD5DC7 /* font_3.jpg */ = {isa = PBXFileReference; lastKnownFileType = image.jpeg; path = font_3.jpg; sourceTree = "<group>"; };
		6C00753E1D0505BF00FD5DC7 /* font_4.jpg */ = {isa = PBXFileReference; lastKnownFileType = image.jpeg; path = font_4.jpg; sourceTree = "<group>"; };
		6C0075401D05060500FD5DC7 /* font_5.jpg */ = {isa = PBXFileReference; lastKnownFileType = image.jpeg; path = font_5.jpg; sourceTree = "<group>"; };
		6C0075421D05068700FD5DC7 /* font_6.jpg */ = {isa = PBXFileReference; lastKnownFileType = image.jpeg; path = font_6.jpg; sourceTree = "<group>"; };
		6C0075441D05073900FD5DC7 /* font_7.jpg */ = {isa = PBXFileReference; lastKnownFileType = image.jpeg; path = font_7.jpg; sourceTree = "<group>"; };
		6C0075461D05084D00FD5DC7 /* font_8.jpg */ = {isa = PBXFileReference; lastKnownFileType = image.jpeg; path = font_8.jpg; sourceTree = "<group>"; };
		6C0075481D0508CC00FD5DC7 /* font_9.jpg */ = {isa = PBXFileReference; lastKnownFileType = image.jpeg; path = font_9.jpg; sourceTree = "<group>"; };
		6C00754C1D05090E00FD5DC7 /* font_.jpg */ = {isa = PBXFileReference; lastKnownFileType = image.jpeg; path = font_.jpg; sourceTree = "<group>"; };
		6C00754E1D05099A00FD5DC7 /* font_Q.jpg */ = {isa = PBXFileReference; lastKnownFileType = image.jpeg; path = font_Q.jpg; sourceTree = "<group>"; };
		6C0075501D050C0100FD5DC7 /* font_W.jpg */ = {isa = PBXFileReference; lastKnownFileType = image.jpeg; path = font_W.jpg; sourceTree = "<group>"; };
		6C0075521D050C8900FD5DC7 /* font_E.jpg */ = {isa = PBXFileReference; lastKnownFileType = image.jpeg; path = font_E.jpg; sourceTree = "<group>"; };
		6C0075541D05110200FD5DC7 /* font_R.jpg */ = {isa = PBXFileReference; lastKnownFileType = image.jpeg; path = font_R.jpg; sourceTree = "<group>"; };
		6C0075551D05110200FD5DC7 /* font_T.jpg */ = {isa = PBXFileReference; lastKnownFileType = image.jpeg; path = font_T.jpg; sourceTree = "<group>"; };
		6C0075581D05118200FD5DC7 /* font_U.jpg */ = {isa = PBXFileReference; lastKnownFileType = image.jpeg; path = font_U.jpg; sourceTree = "<group>"; };
		6C0075591D05118200FD5DC7 /* font_Y.jpg */ = {isa = PBXFileReference; lastKnownFileType = image.jpeg; path = font_Y.jpg; sourceTree = "<group>"; };
		6C00755C1D05124200FD5DC7 /* font_I.jpg */ = {isa = PBXFileReference; lastKnownFileType = image.jpeg; path = font_I.jpg; sourceTree = "<group>"; };
		6C00755D1D05124200FD5DC7 /* font_O.jpg */ = {isa = PBXFileReference; lastKnownFileType = image.jpeg; path = font_O.jpg; sourceTree = "<group>"; };
		6C0075601D05145700FD5DC7 /* font_P.jpg */ = {isa = PBXFileReference; lastKnownFileType = image.jpeg; path = font_P.jpg; sourceTree = "<group>"; };
		6C0075621D05146300FD5DC7 /* font_A.jpg */ = {isa = PBXFileReference; lastKnownFileType = image.jpeg; path = font_A.jpg; sourceTree = "<group>"; };
		6C0075631D05146300FD5DC7 /* font_D.jpg */ = {isa = PBXFileReference; lastKnownFileType = image.jpeg; path = font_D.jpg; sourceTree = "<group>"; };
		6C0075641D05146300FD5DC7 /* font_S.jpg */ = {isa = PBXFileReference; lastKnownFileType = image.jpeg; path = font_S.jpg; sourceTree = "<group>"; };
		6C5405A51CFD7375005CCD66 /* Test.h */ = {isa = PBXFileReference; fileEncoding = 4; lastKnownFileType = sourcecode.c.h; path = Test.h; sourceTree = "<group>"; };
		6C5405A61CFD7375005CCD66 /* Test.mm */ = {isa = PBXFileReference; fileEncoding = 4; lastKnownFileType = sourcecode.cpp.objcpp; path = Test.mm; sourceTree = "<group>"; };
		6C5406BD1CFEAE0C005CCD66 /* jconfig.h */ = {isa = PBXFileReference; fileEncoding = 4; lastKnownFileType = sourcecode.c.h; path = jconfig.h; sourceTree = "<group>"; };
		6C5406BE1CFEAE0C005CCD66 /* jerror.h */ = {isa = PBXFileReference; fileEncoding = 4; lastKnownFileType = sourcecode.c.h; path = jerror.h; sourceTree = "<group>"; };
		6C5406BF1CFEAE0C005CCD66 /* jmorecfg.h */ = {isa = PBXFileReference; fileEncoding = 4; lastKnownFileType = sourcecode.c.h; path = jmorecfg.h; sourceTree = "<group>"; };
		6C5406C01CFEAE0C005CCD66 /* jpeglib.h */ = {isa = PBXFileReference; fileEncoding = 4; lastKnownFileType = sourcecode.c.h; path = jpeglib.h; sourceTree = "<group>"; };
		6C5406C11CFEAE0C005CCD66 /* libjpeg.a */ = {isa = PBXFileReference; lastKnownFileType = archive.ar; path = libjpeg.a; sourceTree = "<group>"; };
		6C5406E91CFEB50D005CCD66 /* vin.png */ = {isa = PBXFileReference; lastKnownFileType = image.png; path = vin.png; sourceTree = "<group>"; };
		6C5406F41CFEB8EA005CCD66 /* config.h */ = {isa = PBXFileReference; fileEncoding = 4; lastKnownFileType = sourcecode.c.h; path = config.h; sourceTree = "<group>"; };
		6C5406F51CFEB8EA005CCD66 /* pHash-config.h */ = {isa = PBXFileReference; fileEncoding = 4; lastKnownFileType = sourcecode.c.h; path = "pHash-config.h"; sourceTree = "<group>"; };
		6C5406F61CFEB8EA005CCD66 /* pHash.cpp */ = {isa = PBXFileReference; fileEncoding = 4; lastKnownFileType = sourcecode.cpp.cpp; path = pHash.cpp; sourceTree = "<group>"; };
		6C5406F71CFEB8EA005CCD66 /* pHash.h */ = {isa = PBXFileReference; fileEncoding = 4; lastKnownFileType = sourcecode.c.h; path = pHash.h; sourceTree = "<group>"; };
		6C5406FA1CFEB8F0005CCD66 /* CImg.h */ = {isa = PBXFileReference; fileEncoding = 4; lastKnownFileType = sourcecode.c.h; path = CImg.h; sourceTree = "<group>"; };
		6C5407011CFFD482005CCD66 /* GraphicsProcessor.h */ = {isa = PBXFileReference; fileEncoding = 4; lastKnownFileType = sourcecode.c.h; path = GraphicsProcessor.h; sourceTree = "<group>"; };
		6C5407021CFFD482005CCD66 /* GraphicsProcessor.m */ = {isa = PBXFileReference; fileEncoding = 4; lastKnownFileType = sourcecode.c.objc; path = GraphicsProcessor.m; sourceTree = "<group>"; };
		6CFCEA101CF54D9D00CC08A7 /* Hello.app */ = {isa = PBXFileReference; explicitFileType = wrapper.application; includeInIndex = 0; path = Hello.app; sourceTree = BUILT_PRODUCTS_DIR; };
		6CFCEA141CF54D9D00CC08A7 /* main.m */ = {isa = PBXFileReference; lastKnownFileType = sourcecode.c.objc; path = main.m; sourceTree = "<group>"; };
		6CFCEA161CF54D9D00CC08A7 /* AppDelegate.h */ = {isa = PBXFileReference; lastKnownFileType = sourcecode.c.h; path = AppDelegate.h; sourceTree = "<group>"; };
		6CFCEA171CF54D9D00CC08A7 /* AppDelegate.m */ = {isa = PBXFileReference; lastKnownFileType = sourcecode.c.objc; path = AppDelegate.m; sourceTree = "<group>"; };
		6CFCEA191CF54D9D00CC08A7 /* ViewController.h */ = {isa = PBXFileReference; lastKnownFileType = sourcecode.c.h; path = ViewController.h; sourceTree = "<group>"; };
		6CFCEA1A1CF54D9D00CC08A7 /* ViewController.m */ = {isa = PBXFileReference; lastKnownFileType = sourcecode.c.objc; path = ViewController.m; sourceTree = "<group>"; };
		6CFCEA1D1CF54D9D00CC08A7 /* Base */ = {isa = PBXFileReference; lastKnownFileType = file.storyboard; name = Base; path = Base.lproj/Main.storyboard; sourceTree = "<group>"; };
		6CFCEA1F1CF54D9D00CC08A7 /* Assets.xcassets */ = {isa = PBXFileReference; lastKnownFileType = folder.assetcatalog; path = Assets.xcassets; sourceTree = "<group>"; };
		6CFCEA221CF54D9D00CC08A7 /* Base */ = {isa = PBXFileReference; lastKnownFileType = file.storyboard; name = Base; path = Base.lproj/LaunchScreen.storyboard; sourceTree = "<group>"; };
		6CFCEA241CF54D9D00CC08A7 /* Info.plist */ = {isa = PBXFileReference; lastKnownFileType = text.plist.xml; path = Info.plist; sourceTree = "<group>"; };
/* End PBXFileReference section */

/* Begin PBXFrameworksBuildPhase section */
		6CFCEA0D1CF54D9D00CC08A7 /* Frameworks */ = {
			isa = PBXFrameworksBuildPhase;
			buildActionMask = 2147483647;
			files = (
				6C5406C21CFEAE0C005CCD66 /* libjpeg.a in Frameworks */,
			);
			runOnlyForDeploymentPostprocessing = 0;
		};
/* End PBXFrameworksBuildPhase section */

/* Begin PBXGroup section */
		6C5406BC1CFEAE0C005CCD66 /* jpeg */ = {
			isa = PBXGroup;
			children = (
				6C5406BD1CFEAE0C005CCD66 /* jconfig.h */,
				6C5406BE1CFEAE0C005CCD66 /* jerror.h */,
				6C5406BF1CFEAE0C005CCD66 /* jmorecfg.h */,
				6C5406C01CFEAE0C005CCD66 /* jpeglib.h */,
				6C5406C11CFEAE0C005CCD66 /* libjpeg.a */,
			);
			path = jpeg;
			sourceTree = "<group>";
		};
		6C5406E81CFEB50D005CCD66 /* image */ = {
			isa = PBXGroup;
			children = (
				6C5406E91CFEB50D005CCD66 /* vin.png */,
				6C0075341D0502FA00FD5DC7 /* font.jpg */,
				6C00754C1D05090E00FD5DC7 /* font_.jpg */,
				6C0075361D05046600FD5DC7 /* font_0.jpg */,
				6C00753A1D05052B00FD5DC7 /* font_1.jpg */,
				6C0075381D0504DC00FD5DC7 /* font_2.jpg */,
				6C00753C1D05057E00FD5DC7 /* font_3.jpg */,
				6C00753E1D0505BF00FD5DC7 /* font_4.jpg */,
				6C0075401D05060500FD5DC7 /* font_5.jpg */,
				6C0075421D05068700FD5DC7 /* font_6.jpg */,
				6C0075441D05073900FD5DC7 /* font_7.jpg */,
				6C0075461D05084D00FD5DC7 /* font_8.jpg */,
				6C0075481D0508CC00FD5DC7 /* font_9.jpg */,
				6C00754E1D05099A00FD5DC7 /* font_Q.jpg */,
				6C0075501D050C0100FD5DC7 /* font_W.jpg */,
				6C0075521D050C8900FD5DC7 /* font_E.jpg */,
				6C0075541D05110200FD5DC7 /* font_R.jpg */,
				6C0075551D05110200FD5DC7 /* font_T.jpg */,
				6C0075591D05118200FD5DC7 /* font_Y.jpg */,
				6C0075581D05118200FD5DC7 /* font_U.jpg */,
				6C00755C1D05124200FD5DC7 /* font_I.jpg */,
				6C00755D1D05124200FD5DC7 /* font_O.jpg */,
				6C0075601D05145700FD5DC7 /* font_P.jpg */,
				6C0075621D05146300FD5DC7 /* font_A.jpg */,
				6C0075641D05146300FD5DC7 /* font_S.jpg */,
				6C0075631D05146300FD5DC7 /* font_D.jpg */,
			);
			path = image;
			sourceTree = "<group>";
		};
		6C5406F31CFEB8EA005CCD66 /* pHash */ = {
			isa = PBXGroup;
			children = (
				6C5406F41CFEB8EA005CCD66 /* config.h */,
				6C5406F51CFEB8EA005CCD66 /* pHash-config.h */,
				6C5406F61CFEB8EA005CCD66 /* pHash.cpp */,
				6C5406F71CFEB8EA005CCD66 /* pHash.h */,
			);
			path = pHash;
			sourceTree = "<group>";
		};
		6C5406F91CFEB8F0005CCD66 /* CImg */ = {
			isa = PBXGroup;
			children = (
				6C5406FA1CFEB8F0005CCD66 /* CImg.h */,
			);
			path = CImg;
			sourceTree = "<group>";
		};
		6CFCEA071CF54D9D00CC08A7 = {
			isa = PBXGroup;
			children = (
				6CFCEA121CF54D9D00CC08A7 /* Hello */,
				6CFCEA111CF54D9D00CC08A7 /* Products */,
			);
			sourceTree = "<group>";
		};
		6CFCEA111CF54D9D00CC08A7 /* Products */ = {
			isa = PBXGroup;
			children = (
				6CFCEA101CF54D9D00CC08A7 /* Hello.app */,
			);
			name = Products;
			sourceTree = "<group>";
		};
		6CFCEA121CF54D9D00CC08A7 /* Hello */ = {
			isa = PBXGroup;
			children = (
				6C5406F31CFEB8EA005CCD66 /* pHash */,
				6C5406F91CFEB8F0005CCD66 /* CImg */,
				6C5406BC1CFEAE0C005CCD66 /* jpeg */,
				6C5406E81CFEB50D005CCD66 /* image */,
				6CFCEA161CF54D9D00CC08A7 /* AppDelegate.h */,
				6CFCEA171CF54D9D00CC08A7 /* AppDelegate.m */,
				6CFCEA191CF54D9D00CC08A7 /* ViewController.h */,
				6CFCEA1A1CF54D9D00CC08A7 /* ViewController.m */,
				6C5407011CFFD482005CCD66 /* GraphicsProcessor.h */,
				6C5407021CFFD482005CCD66 /* GraphicsProcessor.m */,
				6CFCEA1C1CF54D9D00CC08A7 /* Main.storyboard */,
				6CFCEA1F1CF54D9D00CC08A7 /* Assets.xcassets */,
				6CFCEA211CF54D9D00CC08A7 /* LaunchScreen.storyboard */,
				6CFCEA241CF54D9D00CC08A7 /* Info.plist */,
				6CFCEA131CF54D9D00CC08A7 /* Supporting Files */,
				6C5405A51CFD7375005CCD66 /* Test.h */,
				6C5405A61CFD7375005CCD66 /* Test.mm */,
			);
			path = Hello;
			sourceTree = "<group>";
		};
		6CFCEA131CF54D9D00CC08A7 /* Supporting Files */ = {
			isa = PBXGroup;
			children = (
				6CFCEA141CF54D9D00CC08A7 /* main.m */,
			);
			name = "Supporting Files";
			sourceTree = "<group>";
		};
/* End PBXGroup section */

/* Begin PBXNativeTarget section */
		6CFCEA0F1CF54D9D00CC08A7 /* Hello */ = {
			isa = PBXNativeTarget;
			buildConfigurationList = 6CFCEA271CF54D9D00CC08A7 /* Build configuration list for PBXNativeTarget "Hello" */;
			buildPhases = (
				6CFCEA0C1CF54D9D00CC08A7 /* Sources */,
				6CFCEA0D1CF54D9D00CC08A7 /* Frameworks */,
				6CFCEA0E1CF54D9D00CC08A7 /* Resources */,
			);
			buildRules = (
			);
			dependencies = (
			);
			name = Hello;
			productName = Hello;
			productReference = 6CFCEA101CF54D9D00CC08A7 /* Hello.app */;
			productType = "com.apple.product-type.application";
		};
/* End PBXNativeTarget section */

/* Begin PBXProject section */
		6CFCEA081CF54D9D00CC08A7 /* Project object */ = {
			isa = PBXProject;
			attributes = {
				LastUpgradeCheck = 0730;
				ORGANIZATIONNAME = Zen;
				TargetAttributes = {
					6CFCEA0F1CF54D9D00CC08A7 = {
						CreatedOnToolsVersion = 7.3.1;
					};
				};
			};
			buildConfigurationList = 6CFCEA0B1CF54D9D00CC08A7 /* Build configuration list for PBXProject "Hello" */;
			compatibilityVersion = "Xcode 3.2";
			developmentRegion = English;
			hasScannedForEncodings = 0;
			knownRegions = (
				en,
				Base,
			);
			mainGroup = 6CFCEA071CF54D9D00CC08A7;
			productRefGroup = 6CFCEA111CF54D9D00CC08A7 /* Products */;
			projectDirPath = "";
			projectRoot = "";
			targets = (
				6CFCEA0F1CF54D9D00CC08A7 /* Hello */,
			);
		};
/* End PBXProject section */

/* Begin PBXResourcesBuildPhase section */
		6CFCEA0E1CF54D9D00CC08A7 /* Resources */ = {
			isa = PBXResourcesBuildPhase;
			buildActionMask = 2147483647;
			files = (
				6C00755E1D05124200FD5DC7 /* font_I.jpg in Resources */,
				6C00753B1D05052B00FD5DC7 /* font_1.jpg in Resources */,
				6C0075451D05073900FD5DC7 /* font_7.jpg in Resources */,
				6C0075431D05068700FD5DC7 /* font_6.jpg in Resources */,
				6C00753D1D05057E00FD5DC7 /* font_3.jpg in Resources */,
				6C00754F1D05099A00FD5DC7 /* font_Q.jpg in Resources */,
				6C0075491D0508CC00FD5DC7 /* font_9.jpg in Resources */,
				6C0075611D05145700FD5DC7 /* font_P.jpg in Resources */,
				6C0075531D050C8900FD5DC7 /* font_E.jpg in Resources */,
				6C00754D1D05090E00FD5DC7 /* font_.jpg in Resources */,
				6CFCEA231CF54D9D00CC08A7 /* LaunchScreen.storyboard in Resources */,
				6C0075661D05146300FD5DC7 /* font_D.jpg in Resources */,
				6C0075561D05110200FD5DC7 /* font_R.jpg in Resources */,
				6C00755A1D05118200FD5DC7 /* font_U.jpg in Resources */,
				6C0075391D0504DC00FD5DC7 /* font_2.jpg in Resources */,
				6C0075371D05046600FD5DC7 /* font_0.jpg in Resources */,
				6C0075671D05146300FD5DC7 /* font_S.jpg in Resources */,
				6C0075511D050C0100FD5DC7 /* font_W.jpg in Resources */,
				6C0075411D05060500FD5DC7 /* font_5.jpg in Resources */,
				6C0075651D05146300FD5DC7 /* font_A.jpg in Resources */,
				6C0075351D0502FA00FD5DC7 /* font.jpg in Resources */,
				6C0075471D05084D00FD5DC7 /* font_8.jpg in Resources */,
				6C0075571D05110200FD5DC7 /* font_T.jpg in Resources */,
				6C00755F1D05124200FD5DC7 /* font_O.jpg in Resources */,
				6CFCEA201CF54D9D00CC08A7 /* Assets.xcassets in Resources */,
				6CFCEA1E1CF54D9D00CC08A7 /* Main.storyboard in Resources */,
				6C5406EA1CFEB50D005CCD66 /* vin.png in Resources */,
				6C00755B1D05118200FD5DC7 /* font_Y.jpg in Resources */,
				6C00753F1D0505BF00FD5DC7 /* font_4.jpg in Resources */,
			);
			runOnlyForDeploymentPostprocessing = 0;
		};
/* End PBXResourcesBuildPhase section */

/* Begin PBXSourcesBuildPhase section */
		6CFCEA0C1CF54D9D00CC08A7 /* Sources */ = {
			isa = PBXSourcesBuildPhase;
			buildActionMask = 2147483647;
			files = (
				6C5406F81CFEB8EA005CCD66 /* pHash.cpp in Sources */,
				6CFCEA1B1CF54D9D00CC08A7 /* ViewController.m in Sources */,
				6C5405A71CFD7375005CCD66 /* Test.mm in Sources */,
				6CFCEA181CF54D9D00CC08A7 /* AppDelegate.m in Sources */,
				6CFCEA151CF54D9D00CC08A7 /* main.m in Sources */,
				6C5407031CFFD482005CCD66 /* GraphicsProcessor.m in Sources */,
			);
			runOnlyForDeploymentPostprocessing = 0;
		};
/* End PBXSourcesBuildPhase section */

/* Begin PBXVariantGroup section */
		6CFCEA1C1CF54D9D00CC08A7 /* Main.storyboard */ = {
			isa = PBXVariantGroup;
			children = (
				6CFCEA1D1CF54D9D00CC08A7 /* Base */,
			);
			name = Main.storyboard;
			sourceTree = "<group>";
		};
		6CFCEA211CF54D9D00CC08A7 /* LaunchScreen.storyboard */ = {
			isa = PBXVariantGroup;
			children = (
				6CFCEA221CF54D9D00CC08A7 /* Base */,
			);
			name = LaunchScreen.storyboard;
			sourceTree = "<group>";
		};
/* End PBXVariantGroup section */

/* Begin XCBuildConfiguration section */
		6CFCEA251CF54D9D00CC08A7 /* Debug */ = {
			isa = XCBuildConfiguration;
			buildSettings = {
				ALWAYS_SEARCH_USER_PATHS = NO;
				CLANG_ANALYZER_NONNULL = YES;
				CLANG_CXX_LANGUAGE_STANDARD = "gnu++0x";
				CLANG_CXX_LIBRARY = "libc++";
				CLANG_ENABLE_MODULES = YES;
				CLANG_ENABLE_OBJC_ARC = YES;
				CLANG_WARN_BOOL_CONVERSION = YES;
				CLANG_WARN_CONSTANT_CONVERSION = YES;
				CLANG_WARN_DIRECT_OBJC_ISA_USAGE = YES_ERROR;
				CLANG_WARN_EMPTY_BODY = YES;
				CLANG_WARN_ENUM_CONVERSION = YES;
				CLANG_WARN_INT_CONVERSION = YES;
				CLANG_WARN_OBJC_ROOT_CLASS = YES_ERROR;
				CLANG_WARN_UNREACHABLE_CODE = YES;
				CLANG_WARN__DUPLICATE_METHOD_MATCH = YES;
				"CODE_SIGN_IDENTITY[sdk=iphoneos*]" = "iPhone Developer";
				COPY_PHASE_STRIP = NO;
				DEBUG_INFORMATION_FORMAT = dwarf;
				ENABLE_STRICT_OBJC_MSGSEND = YES;
				ENABLE_TESTABILITY = YES;
				GCC_C_LANGUAGE_STANDARD = gnu99;
				GCC_DYNAMIC_NO_PIC = NO;
				GCC_NO_COMMON_BLOCKS = YES;
				GCC_OPTIMIZATION_LEVEL = 0;
				GCC_PREPROCESSOR_DEFINITIONS = (
					"DEBUG=1",
					"$(inherited)",
				);
				GCC_WARN_64_TO_32_BIT_CONVERSION = YES;
				GCC_WARN_ABOUT_RETURN_TYPE = YES_ERROR;
				GCC_WARN_UNDECLARED_SELECTOR = YES;
				GCC_WARN_UNINITIALIZED_AUTOS = YES_AGGRESSIVE;
				GCC_WARN_UNUSED_FUNCTION = YES;
				GCC_WARN_UNUSED_VARIABLE = YES;
				HEADER_SEARCH_PATHS = "";
				IPHONEOS_DEPLOYMENT_TARGET = 9.3;
				MTL_ENABLE_DEBUG_INFO = YES;
				ONLY_ACTIVE_ARCH = YES;
				SDKROOT = iphoneos;
			};
			name = Debug;
		};
		6CFCEA261CF54D9D00CC08A7 /* Release */ = {
			isa = XCBuildConfiguration;
			buildSettings = {
				ALWAYS_SEARCH_USER_PATHS = NO;
				CLANG_ANALYZER_NONNULL = YES;
				CLANG_CXX_LANGUAGE_STANDARD = "gnu++0x";
				CLANG_CXX_LIBRARY = "libc++";
				CLANG_ENABLE_MODULES = YES;
				CLANG_ENABLE_OBJC_ARC = YES;
				CLANG_WARN_BOOL_CONVERSION = YES;
				CLANG_WARN_CONSTANT_CONVERSION = YES;
				CLANG_WARN_DIRECT_OBJC_ISA_USAGE = YES_ERROR;
				CLANG_WARN_EMPTY_BODY = YES;
				CLANG_WARN_ENUM_CONVERSION = YES;
				CLANG_WARN_INT_CONVERSION = YES;
				CLANG_WARN_OBJC_ROOT_CLASS = YES_ERROR;
				CLANG_WARN_UNREACHABLE_CODE = YES;
				CLANG_WARN__DUPLICATE_METHOD_MATCH = YES;
				"CODE_SIGN_IDENTITY[sdk=iphoneos*]" = "iPhone Developer";
				COPY_PHASE_STRIP = NO;
				DEBUG_INFORMATION_FORMAT = "dwarf-with-dsym";
				ENABLE_NS_ASSERTIONS = NO;
				ENABLE_STRICT_OBJC_MSGSEND = YES;
				GCC_C_LANGUAGE_STANDARD = gnu99;
				GCC_NO_COMMON_BLOCKS = YES;
				GCC_WARN_64_TO_32_BIT_CONVERSION = YES;
				GCC_WARN_ABOUT_RETURN_TYPE = YES_ERROR;
				GCC_WARN_UNDECLARED_SELECTOR = YES;
				GCC_WARN_UNINITIALIZED_AUTOS = YES_AGGRESSIVE;
				GCC_WARN_UNUSED_FUNCTION = YES;
				GCC_WARN_UNUSED_VARIABLE = YES;
				HEADER_SEARCH_PATHS = "";
				IPHONEOS_DEPLOYMENT_TARGET = 9.3;
				MTL_ENABLE_DEBUG_INFO = NO;
				SDKROOT = iphoneos;
				VALIDATE_PRODUCT = YES;
			};
			name = Release;
		};
		6CFCEA281CF54D9D00CC08A7 /* Debug */ = {
			isa = XCBuildConfiguration;
			buildSettings = {
				ASSETCATALOG_COMPILER_APPICON_NAME = AppIcon;
				INFOPLIST_FILE = Hello/Info.plist;
				IPHONEOS_DEPLOYMENT_TARGET = 9.0;
				LD_RUNPATH_SEARCH_PATHS = "$(inherited) @executable_path/Frameworks";
				LIBRARY_SEARCH_PATHS = (
					"$(inherited)",
					"$(PROJECT_DIR)/Hello",
					"$(PROJECT_DIR)/Hello/jpeg",
				);
				PRODUCT_BUNDLE_IDENTIFIER = org.zen.Hello;
				PRODUCT_NAME = "$(TARGET_NAME)";
			};
			name = Debug;
		};
		6CFCEA291CF54D9D00CC08A7 /* Release */ = {
			isa = XCBuildConfiguration;
			buildSettings = {
				ASSETCATALOG_COMPILER_APPICON_NAME = AppIcon;
				INFOPLIST_FILE = Hello/Info.plist;
				IPHONEOS_DEPLOYMENT_TARGET = 9.0;
				LD_RUNPATH_SEARCH_PATHS = "$(inherited) @executable_path/Frameworks";
				LIBRARY_SEARCH_PATHS = (
					"$(inherited)",
					"$(PROJECT_DIR)/Hello",
					"$(PROJECT_DIR)/Hello/jpeg",
				);
				PRODUCT_BUNDLE_IDENTIFIER = org.zen.Hello;
				PRODUCT_NAME = "$(TARGET_NAME)";
			};
			name = Release;
		};
/* End XCBuildConfiguration section */

/* Begin XCConfigurationList section */
		6CFCEA0B1CF54D9D00CC08A7 /* Build configuration list for PBXProject "Hello" */ = {
			isa = XCConfigurationList;
			buildConfigurations = (
				6CFCEA251CF54D9D00CC08A7 /* Debug */,
				6CFCEA261CF54D9D00CC08A7 /* Release */,
			);
			defaultConfigurationIsVisible = 0;
			defaultConfigurationName = Release;
		};
		6CFCEA271CF54D9D00CC08A7 /* Build configuration list for PBXNativeTarget "Hello" */ = {
			isa = XCConfigurationList;
			buildConfigurations = (
				6CFCEA281CF54D9D00CC08A7 /* Debug */,
				6CFCEA291CF54D9D00CC08A7 /* Release */,
			);
			defaultConfigurationIsVisible = 0;
			defaultConfigurationName = Release;
		};
/* End XCConfigurationList section */
	};
	rootObject = 6CFCEA081CF54D9D00CC08A7 /* Project object */;
}
